# @generated by Move, please check-in and do not edit manually.

[move]
version = 3
manifest_digest = "B06231951548188F4B59C16DF3CD6AFACCE1766AC8A36F85DDF8ED930813CC79"
deps_digest = "52B406A7A21811BEF51751CF88DA0E76DAEFFEAC888D4F4060B1A72BBE7D8D35"
dependencies = [
  { id = "Bridge", name = "Bridge" },
  { id = "MoveStdlib", name = "MoveStdlib" },
  { id = "Sui", name = "Sui" },
  { id = "SuiSystem", name = "SuiSystem" },
  { id = "steamm", name = "steamm" },
  { id = "suilend", name = "suilend" },
]

[[move.package]]
id = "Bridge"
source = { git = "https://github.com/MystenLabs/sui.git", rev = "4e8b6eda7d6411d80c62f39ac8a4f028e8d174c4", subdir = "crates/sui-framework/packages/bridge" }

dependencies = [
  { id = "MoveStdlib", name = "MoveStdlib" },
  { id = "Sui", name = "Sui" },
  { id = "SuiSystem", name = "SuiSystem" },
]

[[move.package]]
id = "MoveStdlib"
source = { git = "https://github.com/MystenLabs/sui.git", rev = "4e8b6eda7d6411d80c62f39ac8a4f028e8d174c4", subdir = "crates/sui-framework/packages/move-stdlib" }

[[move.package]]
id = "Pyth"
source = { git = "https://github.com/solendprotocol/pyth-crosschain.git", rev = "98e218c64bb75cf1350eb7b021e1ffcc3aedfd62", subdir = "target_chains/sui/contracts" }

dependencies = [
  { id = "Sui", name = "Sui" },
  { id = "Wormhole", name = "Wormhole" },
]

[[move.package]]
id = "Sui"
source = { git = "https://github.com/MystenLabs/sui.git", rev = "4e8b6eda7d6411d80c62f39ac8a4f028e8d174c4", subdir = "crates/sui-framework/packages/sui-framework" }

dependencies = [
  { id = "MoveStdlib", name = "MoveStdlib" },
]

[[move.package]]
id = "SuiSystem"
source = { git = "https://github.com/MystenLabs/sui.git", rev = "4e8b6eda7d6411d80c62f39ac8a4f028e8d174c4", subdir = "crates/sui-framework/packages/sui-system" }

dependencies = [
  { id = "MoveStdlib", name = "MoveStdlib" },
  { id = "Sui", name = "Sui" },
]

[[move.package]]
id = "Switchboard"
source = { git = "https://github.com/suilend/switchboard.git", rev = "mainnet", subdir = "on_demand/" }

dependencies = [
  { id = "Sui", name = "Sui" },
]

[[move.package]]
id = "Wormhole"
source = { git = "https://github.com/solendprotocol/wormhole.git", rev = "e1698d3c72b15cdddd7da98ad43e151f83b72a0a", subdir = "sui/wormhole" }

dependencies = [
  { id = "Sui", name = "Sui" },
]

[[move.package]]
id = "liquid_staking"
source = { git = "https://github.com/solendprotocol/liquid-staking.git", rev = "main", subdir = "contracts" }

dependencies = [
  { id = "Bridge", name = "Bridge" },
  { id = "MoveStdlib", name = "MoveStdlib" },
  { id = "Sui", name = "Sui" },
  { id = "SuiSystem", name = "SuiSystem" },
]

[[move.package]]
id = "oracles"
source = { git = "https://github.com/solendprotocol/suilend.git", rev = "mainnet", subdir = "contracts/oracles" }

dependencies = [
  { id = "Bridge", name = "Bridge" },
  { id = "MoveStdlib", name = "MoveStdlib" },
  { id = "Pyth", name = "Pyth" },
  { id = "Sui", name = "Sui" },
  { id = "SuiSystem", name = "SuiSystem" },
  { id = "Switchboard", name = "Switchboard" },
]

[[move.package]]
id = "sprungsui"
source = { local = "../sprungsui" }

dependencies = [
  { id = "Bridge", name = "Bridge" },
  { id = "MoveStdlib", name = "MoveStdlib" },
  { id = "Sui", name = "Sui" },
  { id = "SuiSystem", name = "SuiSystem" },
]

[[move.package]]
id = "steamm"
source = { git = "https://github.com/suilend/steamm-public.git", rev = "main", subdir = "contracts/steamm" }

dependencies = [
  { id = "Bridge", name = "Bridge" },
  { id = "MoveStdlib", name = "MoveStdlib" },
  { id = "Sui", name = "Sui" },
  { id = "SuiSystem", name = "SuiSystem" },
  { id = "oracles", name = "oracles" },
  { id = "suilend", name = "suilend" },
]

[[move.package]]
id = "suilend"
source = { local = "../suilend" }

dependencies = [
  { id = "Bridge", name = "Bridge" },
  { id = "MoveStdlib", name = "MoveStdlib" },
  { id = "Pyth", name = "Pyth" },
  { id = "Sui", name = "Sui" },
  { id = "SuiSystem", name = "SuiSystem" },
  { id = "liquid_staking", name = "liquid_staking" },
  { id = "sprungsui", name = "sprungsui" },
]

[move.toolchain-version]
compiler-version = "1.58.1"
edition = "2024"
flavor = "sui"

[env]

[env.mainnet]
chain-id = "35834a8a"
original-published-id = "0x12421a81aa2472364eb89d004ae43d07ca296122e08cfc5f5acf407768ac976b"
latest-published-id = "0x12421a81aa2472364eb89d004ae43d07ca296122e08cfc5f5acf407768ac976b"
published-version = "1"
