# @generated by Move, please check-in and do not edit manually.

[move]
version = 3
manifest_digest = "CD5BC8F3FEF054CB0226CC7203B77AE02A30D7683612264263F50F43F43DE3B4"
deps_digest = "397E6A9F7A624706DBDFEE056CE88391A15876868FD18A88504DA74EB458D697"
dependencies = [
  { id = "Pyth", name = "Pyth" },
  { id = "Sui", name = "Sui" },
  { id = "Switchboard", name = "Switchboard" },
  { id = "liquid_staking", name = "liquid_staking" },
  { id = "sprungsui", name = "sprungsui" },
]

[[move.package]]
id = "MoveStdlib"
source = { git = "https://github.com/MystenLabs/sui.git", rev = "framework/mainnet", subdir = "crates/sui-framework/packages/move-stdlib" }

[[move.package]]
id = "Pyth"
source = { git = "https://github.com/solendprotocol/pyth-crosschain.git", rev = "98e218c64bb75cf1350eb7b021e1ffcc3aedfd62", subdir = "target_chains/sui/contracts" }

dependencies = [
  { id = "Sui", name = "Sui" },
  { id = "Wormhole", name = "Wormhole" },
]

[[move.package]]
id = "Sui"
source = { git = "https://github.com/MystenLabs/sui.git", rev = "framework/mainnet", subdir = "crates/sui-framework/packages/sui-framework" }

dependencies = [
  { id = "MoveStdlib", name = "MoveStdlib" },
]

[[move.package]]
id = "SuiSystem"
source = { git = "https://github.com/MystenLabs/sui.git", rev = "framework/mainnet", subdir = "crates/sui-framework/packages/sui-system" }

dependencies = [
  { id = "MoveStdlib", name = "MoveStdlib" },
  { id = "Sui", name = "Sui" },
]

[[move.package]]
id = "Switchboard"
source = { git = "https://github.com/switchboard-xyz/sui.git", rev = "mainnet", subdir = "on_demand/" }

dependencies = [
  { id = "Sui", name = "Sui" },
]

[[move.package]]
id = "Wormhole"
source = { git = "https://github.com/solendprotocol/wormhole.git", rev = "e1698d3c72b15cdddd7da98ad43e151f83b72a0a", subdir = "sui/wormhole" }

dependencies = [
  { id = "Sui", name = "Sui" },
]

[[move.package]]
id = "liquid_staking"
source = { git = "https://github.com/solendprotocol/liquid-staking.git", rev = "main", subdir = "contracts" }

dependencies = [
  { id = "Sui", name = "Sui" },
  { id = "SuiSystem", name = "SuiSystem" },
]

[[move.package]]
id = "sprungsui"
source = { local = "../sprungsui" }

dependencies = [
  { id = "Sui", name = "Sui" },
]

[move.toolchain-version]
compiler-version = "1.35.1"
edition = "2024.beta"
flavor = "sui"
