# @generated by Move, please check-in and do not edit manually.

[move]
version = 3
manifest_digest = "65A3BAC5F3D190E11F8C3E634F1E2A87769D934A746A17BE65E872D84543D184"
deps_digest = "F9B494B64F0615AED0E98FC12A85B85ECD2BC5185C22D30E7F67786BB52E507C"
dependencies = [
  { id = "Pyth", name = "Pyth" },
  { id = "Sui", name = "Sui" },
  { id = "liquid_staking", name = "liquid_staking" },
  { id = "sprungsui", name = "sprungsui" },
]

[[move.package]]
id = "MoveStdlib"
source = { git = "https://github.com/MystenLabs/sui.git", rev = "framework/mainnet", subdir = "crates/sui-framework/packages/move-stdlib" }

[[move.package]]
id = "Pyth"
source = { git = "https://github.com/solendprotocol/pyth-crosschain.git", rev = "98e218c64bb75cf1350eb7b021e1ffcc3aedfd62", subdir = "target_chains/sui/contracts" }

dependencies = [
  { id = "Sui", name = "Sui" },
  { id = "Wormhole", name = "Wormhole" },
]

[[move.package]]
id = "Sui"
source = { git = "https://github.com/MystenLabs/sui.git", rev = "framework/mainnet", subdir = "crates/sui-framework/packages/sui-framework" }

dependencies = [
  { id = "MoveStdlib", name = "MoveStdlib" },
]

[[move.package]]
id = "SuiSystem"
source = { git = "https://github.com/MystenLabs/sui.git", rev = "framework/mainnet", subdir = "crates/sui-framework/packages/sui-system" }

dependencies = [
  { id = "MoveStdlib", name = "MoveStdlib" },
  { id = "Sui", name = "Sui" },
]

[[move.package]]
id = "Wormhole"
source = { git = "https://github.com/solendprotocol/wormhole.git", rev = "e1698d3c72b15cdddd7da98ad43e151f83b72a0a", subdir = "sui/wormhole" }

dependencies = [
  { id = "Sui", name = "Sui" },
]

[[move.package]]
id = "liquid_staking"
source = { git = "https://github.com/solendprotocol/liquid-staking.git", rev = "main", subdir = "contracts" }

dependencies = [
  { id = "Sui", name = "Sui" },
  { id = "SuiSystem", name = "SuiSystem" },
]

[[move.package]]
id = "sprungsui"
source = { local = "../sprungsui" }

dependencies = [
  { id = "Sui", name = "Sui" },
]

[move.toolchain-version]
compiler-version = "1.38.3"
edition = "2024.beta"
flavor = "sui"
