# Generated by move; do not edit
# This file should be checked in.

[move]
version = 4

[pinned.testnet.MoveStdlib]
source = { git = "https://github.com/MystenLabs/sui.git", subdir = "crates/sui-framework/packages/move-stdlib", rev = "a9a6825eaf6273cc819ee3bcf65fd4909f7624a9" }
use_environment = "testnet"
manifest_digest = "C4FE4C91DE74CBF223B2E380AE40F592177D21870DC2D7EB6227D2D694E05363"
deps = {}

[pinned.testnet.MoveStdlib_1]
source = { git = "https://github.com/MystenLabs/sui.git", subdir = "crates/sui-framework/packages/move-stdlib", rev = "22f9fc9781732d651e18384c9a8eb1dabddf73a6" }
use_environment = "testnet"
manifest_digest = "C4FE4C91DE74CBF223B2E380AE40F592177D21870DC2D7EB6227D2D694E05363"
deps = {}

[pinned.testnet.MoveStdlib_2]
source = { git = "https://github.com/MystenLabs/sui.git", subdir = "crates/sui-framework/packages/move-stdlib", rev = "041c5f2bae2fe52079e44b70514333532d69f4e6" }
use_environment = "testnet"
manifest_digest = "C4FE4C91DE74CBF223B2E380AE40F592177D21870DC2D7EB6227D2D694E05363"
deps = {}

[pinned.testnet.Pyth]
source = { git = "https://github.com/solendprotocol/pyth-crosschain.git", subdir = "target_chains/sui/contracts", rev = "f272d1208a4d34ad5e65e344946f731819af99f6" }
use_environment = "testnet"
manifest_digest = "9942AAB3725BC51DADB046B4440A3D008E554C9286ECC72B3DE5CC0309C0D63D"
deps = { Sui = "Sui_2", Wormhole = "Wormhole" }

[pinned.testnet.Sui]
source = { git = "https://github.com/MystenLabs/sui.git", subdir = "crates/sui-framework/packages/sui-framework", rev = "a9a6825eaf6273cc819ee3bcf65fd4909f7624a9" }
use_environment = "testnet"
manifest_digest = "7AFB66695545775FBFBB2D3078ADFD084244D5002392E837FDE21D9EA1C6D01C"
deps = { MoveStdlib = "MoveStdlib" }

[pinned.testnet.SuiSystem]
source = { git = "https://github.com/MystenLabs/sui.git", subdir = "crates/sui-framework/packages/sui-system", rev = "a9a6825eaf6273cc819ee3bcf65fd4909f7624a9" }
use_environment = "testnet"
manifest_digest = "F1655B9F9B8ECE67FDBA648266DD75B48852F63BF2515856E822586882D1CA2A"
deps = { MoveStdlib = "MoveStdlib", Sui = "Sui" }

[pinned.testnet.SuiSystem_1]
source = { git = "https://github.com/MystenLabs/sui.git", subdir = "crates/sui-framework/packages/sui-system", rev = "22f9fc9781732d651e18384c9a8eb1dabddf73a6" }
use_environment = "testnet"
manifest_digest = "F1655B9F9B8ECE67FDBA648266DD75B48852F63BF2515856E822586882D1CA2A"
deps = { MoveStdlib = "MoveStdlib_1", Sui = "Sui_1" }

[pinned.testnet.Sui_1]
source = { git = "https://github.com/MystenLabs/sui.git", subdir = "crates/sui-framework/packages/sui-framework", rev = "22f9fc9781732d651e18384c9a8eb1dabddf73a6" }
use_environment = "testnet"
manifest_digest = "7AFB66695545775FBFBB2D3078ADFD084244D5002392E837FDE21D9EA1C6D01C"
deps = { MoveStdlib = "MoveStdlib_1" }

[pinned.testnet.Sui_2]
source = { git = "https://github.com/MystenLabs/sui.git", subdir = "crates/sui-framework/packages/sui-framework", rev = "041c5f2bae2fe52079e44b70514333532d69f4e6" }
use_environment = "testnet"
manifest_digest = "7AFB66695545775FBFBB2D3078ADFD084244D5002392E837FDE21D9EA1C6D01C"
deps = { MoveStdlib = "MoveStdlib_2" }

[pinned.testnet.Wormhole]
source = { git = "https://github.com/wormhole-foundation/wormhole.git", subdir = "sui/wormhole", rev = "b71be5cbb9537c4aac8e23e74371affa3825efcd" }
use_environment = "testnet"
manifest_digest = "6996F1AB8CD448FFBA142C085C488FE8A46B485E61E38A1891EFA52B30D9C12E"
deps = { Sui = "Sui_2" }

[pinned.testnet.certora_sui_summaries]
source = { git = "https://github.com/Certora/cvl-move-proto.git", subdir = "certora_sui_summaries", rev = "9db5a18d1b2a8a2904c9cd9dcfbd3d95978e5383" }
use_environment = "testnet"
manifest_digest = "6BCCB83BE5C687A2969A66A71350AA5B5679A73D1C045481D21F00FC41F2D8B7"
deps = { MoveStdlib = "MoveStdlib", Sui = "Sui", SuiSystem = "SuiSystem", cvlm = "cvlm" }

[pinned.testnet.commons]
source = { local = "../commons" }
use_environment = "testnet"
manifest_digest = "6FC522E6BADFDB9CD2A2E2EDDDBCDB0EC5BC6E3135B1B67D8B8188C053BD6905"
deps = { MoveStdlib = "MoveStdlib", Sui = "Sui", SuiSystem = "SuiSystem", certora_sui_summaries = "certora_sui_summaries", cvlm = "cvlm", dummy_pool = "dummy_pool", suilend = "suilend" }

[pinned.testnet.cvlm]
source = { git = "https://github.com/Certora/cvl-move-proto.git", subdir = "cvlm", rev = "9db5a18d1b2a8a2904c9cd9dcfbd3d95978e5383" }
use_environment = "testnet"
manifest_digest = "95AA0D2749A57497436ECA50D8AF38DCA375E991B8CE03C1D148CC5789578C5B"
deps = { MoveStdlib = "MoveStdlib", Sui = "Sui" }

[pinned.testnet.dummy_pool]
source = { local = "../dummy_pool" }
use_environment = "testnet"
manifest_digest = "E05DE872E5FE6813C49F29CC7CB9D95AA14A4CEF5EED05193C742E511364E84E"
deps = { MoveStdlib = "MoveStdlib", Sui = "Sui", SuiSystem = "SuiSystem", certora_sui_summaries = "certora_sui_summaries", cvlm = "cvlm", suilend = "suilend" }

[pinned.testnet.liquid_staking]
source = { git = "https://github.com/solendprotocol/liquid-staking.git", subdir = "contracts", rev = "49f757384e69065ab082dc2fcf653f4b285a1940" }
use_environment = "testnet"
manifest_digest = "5E7C288BBC1CF8C7B1A36EC70D1D39D45703A5397C84D65EFD693E7EDFF41766"
deps = { std = "MoveStdlib_1", sui = "Sui_1", sui_system = "SuiSystem_1" }

[pinned.testnet.solvency]
source = { root = true }
use_environment = "testnet"
manifest_digest = "8B92237CAF24DF35C8945C4BDAC79B9D27203C74EF49AD8C6BBBEED202E9B684"
deps = { MoveStdlib = "MoveStdlib", Sui = "Sui", SuiSystem = "SuiSystem", certora_sui_summaries = "certora_sui_summaries", commons = "commons", cvlm = "cvlm", dummy_pool = "dummy_pool", suilend = "suilend" }

[pinned.testnet.sprungsui]
source = { local = "../../../contracts/sprungsui" }
use_environment = "testnet"
manifest_digest = "5745706258F61D6CE210904B3E6AE87A73CE9D31A6F93BE4718C442529332A87"
deps = { std = "MoveStdlib_1", sui = "Sui_1" }

[pinned.testnet.suilend]
source = { local = "../../../contracts/suilend" }
use_environment = "testnet"
manifest_digest = "99F8ADF99FE9B2D3E497250A0BE233AA7AF462F0514939E55DA977AA0E40502B"
deps = { Pyth = "Pyth", liquid_staking = "liquid_staking", sprungsui = "sprungsui", std = "MoveStdlib_1", sui = "Sui_1" }
